
Microsoft Visual Studio Solution File, Format Version 12.00
# Visual Studio Version 17
VisualStudioVersion = 17.6.33723.286
MinimumVisualStudioVersion = 10.0.40219.1
Project("{FAE04EC0-301F-11D3-BF4B-00C04F79EFBC}") = "iikoPlugin", "iikoPlugin\iikoPlugin.csproj", "{52F82007-A4B4-4F22-BDA1-3001909126DC}"
EndProject
Global
	GlobalSection(SolutionConfigurationPlatforms) = preSolution
		Debug|Any CPU = Debug|Any CPU
		Release|Any CPU = Release|Any CPU
	EndGlobalSection
	GlobalSection(ProjectConfigurationPlatforms) = postSolution
		{52F82007-A4B4-4F22-BDA1-3001909126DC}.Debug|Any CPU.ActiveCfg = Debug|Any CPU
		{52F82007-A4B4-4F22-BDA1-3001909126DC}.Debug|Any CPU.Build.0 = Debug|Any CPU
		{52F82007-A4B4-4F22-BDA1-3001909126DC}.Release|Any CPU.ActiveCfg = Release|Any CPU
		{52F82007-A4B4-4F22-BDA1-3001909126DC}.Release|Any CPU.Build.0 = Release|Any CPU
	EndGlobalSection
	GlobalSection(SolutionProperties) = preSolution
		HideSolutionNode = FALSE
	EndGlobalSection
	GlobalSection(ExtensibilityGlobals) = postSolution
		SolutionGuid = {A496558F-3D14-4331-8B73-82650F0C1CEC}
	EndGlobalSection
EndGlobal
